
Microsoft Visual Studio Solution File, Format Version 12.00
# Visual Studio Version 17
VisualStudioVersion = 17.1.32328.378
MinimumVisualStudioVersion = 10.0.40219.1
Project("{FAE04EC0-301F-11D3-BF4B-00C04F79EFBC}") = "Agentie_Pariuri", "Agentie_Pariuri.csproj", "{811948C6-1F12-415B-98D5-68D7DCACF261}"
EndProject
Global
	GlobalSection(SolutionConfigurationPlatforms) = preSolution
		Debug|Any CPU = Debug|Any CPU
		Release|Any CPU = Release|Any CPU
	EndGlobalSection
	GlobalSection(ProjectConfigurationPlatforms) = postSolution
		{811948C6-1F12-415B-98D5-68D7DCACF261}.Debug|Any CPU.ActiveCfg = Debug|Any CPU
		{811948C6-1F12-415B-98D5-68D7DCACF261}.Debug|Any CPU.Build.0 = Debug|Any CPU
		{811948C6-1F12-415B-98D5-68D7DCACF261}.Release|Any CPU.ActiveCfg = Release|Any CPU
		{811948C6-1F12-415B-98D5-68D7DCACF261}.Release|Any CPU.Build.0 = Release|Any CPU
	EndGlobalSection
	GlobalSection(SolutionProperties) = preSolution
		HideSolutionNode = FALSE
	EndGlobalSection
	GlobalSection(ExtensibilityGlobals) = postSolution
		SolutionGuid = {BDED8B77-C615-4D82-A8FA-A8BEA63A72D0}
	EndGlobalSection
EndGlobal
